
Microsoft Visual Studio Solution File, Format Version 12.00
# Visual Studio Version 17
VisualStudioVersion = 17.3.32929.385
MinimumVisualStudioVersion = 10.0.40219.1
Project("{9A19103F-16F7-4668-BE54-9A1E7A4F7556}") = "Roulette", "Roulette\Roulette.csproj", "{E9A67628-AF58-402E-BE93-25724DD067B3}"
EndProject
Project("{2150E333-8FDC-42A3-9474-1A3956D46DE8}") = "Other Items", "Other Items", "{098D2152-35AD-483B-84F2-8E1312B3F62C}"
	ProjectSection(SolutionItems) = preProject
		Readme.txt = Readme.txt
		SQLQuery1.sql = SQLQuery1.sql
	EndProjectSection
EndProject
Project("{FAE04EC0-301F-11D3-BF4B-00C04F79EFBC}") = "RouletteTests", "RouletteTests\RouletteTests.csproj", "{1688D971-240F-4DBD-93C7-8D30077CFD35}"
EndProject
Global
	GlobalSection(SolutionConfigurationPlatforms) = preSolution
		Debug|Any CPU = Debug|Any CPU
		Release|Any CPU = Release|Any CPU
	EndGlobalSection
	GlobalSection(ProjectConfigurationPlatforms) = postSolution
		{E9A67628-AF58-402E-BE93-25724DD067B3}.Debug|Any CPU.ActiveCfg = Debug|Any CPU
		{E9A67628-AF58-402E-BE93-25724DD067B3}.Debug|Any CPU.Build.0 = Debug|Any CPU
		{E9A67628-AF58-402E-BE93-25724DD067B3}.Release|Any CPU.ActiveCfg = Release|Any CPU
		{E9A67628-AF58-402E-BE93-25724DD067B3}.Release|Any CPU.Build.0 = Release|Any CPU
		{1688D971-240F-4DBD-93C7-8D30077CFD35}.Debug|Any CPU.ActiveCfg = Debug|Any CPU
		{1688D971-240F-4DBD-93C7-8D30077CFD35}.Debug|Any CPU.Build.0 = Debug|Any CPU
		{1688D971-240F-4DBD-93C7-8D30077CFD35}.Release|Any CPU.ActiveCfg = Release|Any CPU
		{1688D971-240F-4DBD-93C7-8D30077CFD35}.Release|Any CPU.Build.0 = Release|Any CPU
	EndGlobalSection
	GlobalSection(SolutionProperties) = preSolution
		HideSolutionNode = FALSE
	EndGlobalSection
	GlobalSection(ExtensibilityGlobals) = postSolution
		SolutionGuid = {3DB69976-4361-4176-8165-E36AA2A46948}
	EndGlobalSection
EndGlobal
